
Microsoft Visual Studio Solution File, Format Version 12.00
# Visual Studio Version 17
VisualStudioVersion = 17.2.32630.192
MinimumVisualStudioVersion = 10.0.40219.1
Project("{FAE04EC0-301F-11D3-BF4B-00C04F79EFBC}") = "Spotify Clone", "Spotify Clone\Spotify Clone.csproj", "{C1DEC135-94FA-4974-A784-1303FB25D631}"
EndProject
Global
	GlobalSection(SolutionConfigurationPlatforms) = preSolution
		Debug|Any CPU = Debug|Any CPU
		Release|Any CPU = Release|Any CPU
	EndGlobalSection
	GlobalSection(ProjectConfigurationPlatforms) = postSolution
		{C1DEC135-94FA-4974-A784-1303FB25D631}.Debug|Any CPU.ActiveCfg = Debug|Any CPU
		{C1DEC135-94FA-4974-A784-1303FB25D631}.Debug|Any CPU.Build.0 = Debug|Any CPU
		{C1DEC135-94FA-4974-A784-1303FB25D631}.Release|Any CPU.ActiveCfg = Release|Any CPU
		{C1DEC135-94FA-4974-A784-1303FB25D631}.Release|Any CPU.Build.0 = Release|Any CPU
	EndGlobalSection
	GlobalSection(SolutionProperties) = preSolution
		HideSolutionNode = FALSE
	EndGlobalSection
	GlobalSection(ExtensibilityGlobals) = postSolution
		SolutionGuid = {3B3A081A-9840-4F7D-BF0C-4A679D232BD7}
	EndGlobalSection
EndGlobal
